
Microsoft Visual Studio Solution File, Format Version 12.00
# Visual Studio Version 17
VisualStudioVersion = 17.7.34031.279
MinimumVisualStudioVersion = 10.0.40219.1
Project("{FAE04EC0-301F-11D3-BF4B-00C04F79EFBC}") = "HTTP-Server", "HTTP-Server\HTTP-Server.csproj", "{4E38BCB8-3A64-4B5D-87AB-E841DA8DCA17}"
EndProject
Global
	GlobalSection(SolutionConfigurationPlatforms) = preSolution
		Debug|Any CPU = Debug|Any CPU
		Release|Any CPU = Release|Any CPU
	EndGlobalSection
	GlobalSection(ProjectConfigurationPlatforms) = postSolution
		{4E38BCB8-3A64-4B5D-87AB-E841DA8DCA17}.Debug|Any CPU.ActiveCfg = Debug|Any CPU
		{4E38BCB8-3A64-4B5D-87AB-E841DA8DCA17}.Debug|Any CPU.Build.0 = Debug|Any CPU
		{4E38BCB8-3A64-4B5D-87AB-E841DA8DCA17}.Release|Any CPU.ActiveCfg = Release|Any CPU
		{4E38BCB8-3A64-4B5D-87AB-E841DA8DCA17}.Release|Any CPU.Build.0 = Release|Any CPU
	EndGlobalSection
	GlobalSection(SolutionProperties) = preSolution
		HideSolutionNode = FALSE
	EndGlobalSection
	GlobalSection(ExtensibilityGlobals) = postSolution
		SolutionGuid = {E3034A4F-A35D-4BA1-AC9F-BF1CFAE6B413}
	EndGlobalSection
EndGlobal
